
Microsoft Visual Studio Solution File, Format Version 12.00
# Visual Studio Version 17
VisualStudioVersion = 17.8.34309.116
MinimumVisualStudioVersion = 10.0.40219.1
Project("{FAE04EC0-301F-11D3-BF4B-00C04F79EFBC}") = "reverseString", "reverseString\reverseString.csproj", "{BC366FC0-651B-4323-A240-9676026FB188}"
EndProject
Project("{FAE04EC0-301F-11D3-BF4B-00C04F79EFBC}") = "repeatStrings", "repeatStrings\repeatStrings.csproj", "{A5C001D5-4064-4F37-B1EF-B6F5C61E0527}"
EndProject
Project("{FAE04EC0-301F-11D3-BF4B-00C04F79EFBC}") = "substring", "substring\substring.csproj", "{DB6A04FB-FED3-4B38-99ED-C5B587EA7267}"
EndProject
Project("{FAE04EC0-301F-11D3-BF4B-00C04F79EFBC}") = "textFilter", "textFilter\textFilter.csproj", "{5081D4F3-AF13-4180-A022-85067F59259F}"
EndProject
Project("{FAE04EC0-301F-11D3-BF4B-00C04F79EFBC}") = "digitLetters", "digitLetters\digitLetters.csproj", "{1C93C744-AAF0-45CE-81E9-738A865CE372}"
EndProject
Global
	GlobalSection(SolutionConfigurationPlatforms) = preSolution
		Debug|Any CPU = Debug|Any CPU
		Release|Any CPU = Release|Any CPU
	EndGlobalSection
	GlobalSection(ProjectConfigurationPlatforms) = postSolution
		{BC366FC0-651B-4323-A240-9676026FB188}.Debug|Any CPU.ActiveCfg = Debug|Any CPU
		{BC366FC0-651B-4323-A240-9676026FB188}.Debug|Any CPU.Build.0 = Debug|Any CPU
		{BC366FC0-651B-4323-A240-9676026FB188}.Release|Any CPU.ActiveCfg = Release|Any CPU
		{BC366FC0-651B-4323-A240-9676026FB188}.Release|Any CPU.Build.0 = Release|Any CPU
		{A5C001D5-4064-4F37-B1EF-B6F5C61E0527}.Debug|Any CPU.ActiveCfg = Debug|Any CPU
		{A5C001D5-4064-4F37-B1EF-B6F5C61E0527}.Debug|Any CPU.Build.0 = Debug|Any CPU
		{A5C001D5-4064-4F37-B1EF-B6F5C61E0527}.Release|Any CPU.ActiveCfg = Release|Any CPU
		{A5C001D5-4064-4F37-B1EF-B6F5C61E0527}.Release|Any CPU.Build.0 = Release|Any CPU
		{DB6A04FB-FED3-4B38-99ED-C5B587EA7267}.Debug|Any CPU.ActiveCfg = Debug|Any CPU
		{DB6A04FB-FED3-4B38-99ED-C5B587EA7267}.Debug|Any CPU.Build.0 = Debug|Any CPU
		{DB6A04FB-FED3-4B38-99ED-C5B587EA7267}.Release|Any CPU.ActiveCfg = Release|Any CPU
		{DB6A04FB-FED3-4B38-99ED-C5B587EA7267}.Release|Any CPU.Build.0 = Release|Any CPU
		{5081D4F3-AF13-4180-A022-85067F59259F}.Debug|Any CPU.ActiveCfg = Debug|Any CPU
		{5081D4F3-AF13-4180-A022-85067F59259F}.Debug|Any CPU.Build.0 = Debug|Any CPU
		{5081D4F3-AF13-4180-A022-85067F59259F}.Release|Any CPU.ActiveCfg = Release|Any CPU
		{5081D4F3-AF13-4180-A022-85067F59259F}.Release|Any CPU.Build.0 = Release|Any CPU
		{1C93C744-AAF0-45CE-81E9-738A865CE372}.Debug|Any CPU.ActiveCfg = Debug|Any CPU
		{1C93C744-AAF0-45CE-81E9-738A865CE372}.Debug|Any CPU.Build.0 = Debug|Any CPU
		{1C93C744-AAF0-45CE-81E9-738A865CE372}.Release|Any CPU.ActiveCfg = Release|Any CPU
		{1C93C744-AAF0-45CE-81E9-738A865CE372}.Release|Any CPU.Build.0 = Release|Any CPU
	EndGlobalSection
	GlobalSection(SolutionProperties) = preSolution
		HideSolutionNode = FALSE
	EndGlobalSection
	GlobalSection(ExtensibilityGlobals) = postSolution
		SolutionGuid = {DA40778D-516A-437F-928A-A09F7691AD3E}
	EndGlobalSection
EndGlobal
