
Microsoft Visual Studio Solution File, Format Version 12.00
# Visual Studio Version 16
VisualStudioVersion = 16.0.33423.256
MinimumVisualStudioVersion = 10.0.40219.1
Project("{FAE04EC0-301F-11D3-BF4B-00C04F79EFBC}") = "convertMetersToKilometers", "convertMetersToKilometers\convertMetersToKilometers.csproj", "{9BB5EFB4-CB64-4433-955F-3A6670B6DA4D}"
EndProject
Global
	GlobalSection(SolutionConfigurationPlatforms) = preSolution
		Debug|Any CPU = Debug|Any CPU
		Release|Any CPU = Release|Any CPU
	EndGlobalSection
	GlobalSection(ProjectConfigurationPlatforms) = postSolution
		{9BB5EFB4-CB64-4433-955F-3A6670B6DA4D}.Debug|Any CPU.ActiveCfg = Debug|Any CPU
		{9BB5EFB4-CB64-4433-955F-3A6670B6DA4D}.Debug|Any CPU.Build.0 = Debug|Any CPU
		{9BB5EFB4-CB64-4433-955F-3A6670B6DA4D}.Release|Any CPU.ActiveCfg = Release|Any CPU
		{9BB5EFB4-CB64-4433-955F-3A6670B6DA4D}.Release|Any CPU.Build.0 = Release|Any CPU
	EndGlobalSection
	GlobalSection(SolutionProperties) = preSolution
		HideSolutionNode = FALSE
	EndGlobalSection
	GlobalSection(ExtensibilityGlobals) = postSolution
		SolutionGuid = {A20D73A0-ECD0-4E5F-8C2F-948CFB1E6529}
	EndGlobalSection
EndGlobal
