
Microsoft Visual Studio Solution File, Format Version 12.00
# Visual Studio Version 17
VisualStudioVersion = 17.8.34309.116
MinimumVisualStudioVersion = 10.0.40219.1
Project("{9A19103F-16F7-4668-BE54-9A1E7A4F7556}") = "validUsername", "validUsername\validUsername.csproj", "{1B3770EC-B89B-4AEA-9523-94CF6692980B}"
EndProject
Project("{FAE04EC0-301F-11D3-BF4B-00C04F79EFBC}") = "characterMultiplier", "characterMultiplier\characterMultiplier.csproj", "{4C8F1FAA-78E9-460C-901A-B8149B02CA11}"
EndProject
Project("{FAE04EC0-301F-11D3-BF4B-00C04F79EFBC}") = "extractFile", "extractFile\extractFile.csproj", "{12E68627-6415-4C85-B0F3-A4B6AB9806E6}"
EndProject
Project("{FAE04EC0-301F-11D3-BF4B-00C04F79EFBC}") = "caesarCipher", "caesarCipher\caesarCipher.csproj", "{AAA4C44E-1BE7-4005-9595-DFCB2F64A0D8}"
EndProject
Project("{FAE04EC0-301F-11D3-BF4B-00C04F79EFBC}") = "multiplyBigNumberUnfinished", "multiplyBigNumber\multiplyBigNumberUnfinished.csproj", "{0F2C7662-1CD7-42E6-B7B7-804FDC2421C0}"
EndProject
Project("{FAE04EC0-301F-11D3-BF4B-00C04F79EFBC}") = "replaceRepeatingChars", "replaceRepeatingChars\replaceRepeatingChars.csproj", "{89CC30B7-D8DF-4A0E-9194-54ABE2AAB096}"
EndProject
Global
	GlobalSection(SolutionConfigurationPlatforms) = preSolution
		Debug|Any CPU = Debug|Any CPU
		Release|Any CPU = Release|Any CPU
	EndGlobalSection
	GlobalSection(ProjectConfigurationPlatforms) = postSolution
		{1B3770EC-B89B-4AEA-9523-94CF6692980B}.Debug|Any CPU.ActiveCfg = Debug|Any CPU
		{1B3770EC-B89B-4AEA-9523-94CF6692980B}.Debug|Any CPU.Build.0 = Debug|Any CPU
		{1B3770EC-B89B-4AEA-9523-94CF6692980B}.Release|Any CPU.ActiveCfg = Release|Any CPU
		{1B3770EC-B89B-4AEA-9523-94CF6692980B}.Release|Any CPU.Build.0 = Release|Any CPU
		{4C8F1FAA-78E9-460C-901A-B8149B02CA11}.Debug|Any CPU.ActiveCfg = Debug|Any CPU
		{4C8F1FAA-78E9-460C-901A-B8149B02CA11}.Debug|Any CPU.Build.0 = Debug|Any CPU
		{4C8F1FAA-78E9-460C-901A-B8149B02CA11}.Release|Any CPU.ActiveCfg = Release|Any CPU
		{4C8F1FAA-78E9-460C-901A-B8149B02CA11}.Release|Any CPU.Build.0 = Release|Any CPU
		{12E68627-6415-4C85-B0F3-A4B6AB9806E6}.Debug|Any CPU.ActiveCfg = Debug|Any CPU
		{12E68627-6415-4C85-B0F3-A4B6AB9806E6}.Debug|Any CPU.Build.0 = Debug|Any CPU
		{12E68627-6415-4C85-B0F3-A4B6AB9806E6}.Release|Any CPU.ActiveCfg = Release|Any CPU
		{12E68627-6415-4C85-B0F3-A4B6AB9806E6}.Release|Any CPU.Build.0 = Release|Any CPU
		{AAA4C44E-1BE7-4005-9595-DFCB2F64A0D8}.Debug|Any CPU.ActiveCfg = Debug|Any CPU
		{AAA4C44E-1BE7-4005-9595-DFCB2F64A0D8}.Debug|Any CPU.Build.0 = Debug|Any CPU
		{AAA4C44E-1BE7-4005-9595-DFCB2F64A0D8}.Release|Any CPU.ActiveCfg = Release|Any CPU
		{AAA4C44E-1BE7-4005-9595-DFCB2F64A0D8}.Release|Any CPU.Build.0 = Release|Any CPU
		{0F2C7662-1CD7-42E6-B7B7-804FDC2421C0}.Debug|Any CPU.ActiveCfg = Debug|Any CPU
		{0F2C7662-1CD7-42E6-B7B7-804FDC2421C0}.Debug|Any CPU.Build.0 = Debug|Any CPU
		{0F2C7662-1CD7-42E6-B7B7-804FDC2421C0}.Release|Any CPU.ActiveCfg = Release|Any CPU
		{0F2C7662-1CD7-42E6-B7B7-804FDC2421C0}.Release|Any CPU.Build.0 = Release|Any CPU
		{89CC30B7-D8DF-4A0E-9194-54ABE2AAB096}.Debug|Any CPU.ActiveCfg = Debug|Any CPU
		{89CC30B7-D8DF-4A0E-9194-54ABE2AAB096}.Debug|Any CPU.Build.0 = Debug|Any CPU
		{89CC30B7-D8DF-4A0E-9194-54ABE2AAB096}.Release|Any CPU.ActiveCfg = Release|Any CPU
		{89CC30B7-D8DF-4A0E-9194-54ABE2AAB096}.Release|Any CPU.Build.0 = Release|Any CPU
	EndGlobalSection
	GlobalSection(SolutionProperties) = preSolution
		HideSolutionNode = FALSE
	EndGlobalSection
	GlobalSection(ExtensibilityGlobals) = postSolution
		SolutionGuid = {B3B59C0D-F760-4E98-8554-759A1ACF3CFE}
	EndGlobalSection
EndGlobal
