
Microsoft Visual Studio Solution File, Format Version 12.00
# Visual Studio Version 17
VisualStudioVersion = 17.8.34322.80
MinimumVisualStudioVersion = 10.0.40219.1
Project("{FAE04EC0-301F-11D3-BF4B-00C04F79EFBC}") = "messaging", "messaging\messaging.csproj", "{F80D2AC0-4E04-4E6B-84B6-6FEE273EB902}"
EndProject
Project("{FAE04EC0-301F-11D3-BF4B-00C04F79EFBC}") = "carRace", "carRace\carRace.csproj", "{F6660483-CF1C-41FA-AE0F-EBC4EC0EB630}"
EndProject
Project("{FAE04EC0-301F-11D3-BF4B-00C04F79EFBC}") = "takeSkipRope", "takeSkipRope\takeSkipRope.csproj", "{37BF5F78-B97A-40D2-A905-54949A8B28A6}"
EndProject
Project("{FAE04EC0-301F-11D3-BF4B-00C04F79EFBC}") = "mixLIstst", "mixLIstst\mixLIstst.csproj", "{70394482-2609-4EDC-A50B-3DF7B3618E5A}"
EndProject
Global
	GlobalSection(SolutionConfigurationPlatforms) = preSolution
		Debug|Any CPU = Debug|Any CPU
		Release|Any CPU = Release|Any CPU
	EndGlobalSection
	GlobalSection(ProjectConfigurationPlatforms) = postSolution
		{F80D2AC0-4E04-4E6B-84B6-6FEE273EB902}.Debug|Any CPU.ActiveCfg = Debug|Any CPU
		{F80D2AC0-4E04-4E6B-84B6-6FEE273EB902}.Debug|Any CPU.Build.0 = Debug|Any CPU
		{F80D2AC0-4E04-4E6B-84B6-6FEE273EB902}.Release|Any CPU.ActiveCfg = Release|Any CPU
		{F80D2AC0-4E04-4E6B-84B6-6FEE273EB902}.Release|Any CPU.Build.0 = Release|Any CPU
		{F6660483-CF1C-41FA-AE0F-EBC4EC0EB630}.Debug|Any CPU.ActiveCfg = Debug|Any CPU
		{F6660483-CF1C-41FA-AE0F-EBC4EC0EB630}.Debug|Any CPU.Build.0 = Debug|Any CPU
		{F6660483-CF1C-41FA-AE0F-EBC4EC0EB630}.Release|Any CPU.ActiveCfg = Release|Any CPU
		{F6660483-CF1C-41FA-AE0F-EBC4EC0EB630}.Release|Any CPU.Build.0 = Release|Any CPU
		{37BF5F78-B97A-40D2-A905-54949A8B28A6}.Debug|Any CPU.ActiveCfg = Debug|Any CPU
		{37BF5F78-B97A-40D2-A905-54949A8B28A6}.Debug|Any CPU.Build.0 = Debug|Any CPU
		{37BF5F78-B97A-40D2-A905-54949A8B28A6}.Release|Any CPU.ActiveCfg = Release|Any CPU
		{37BF5F78-B97A-40D2-A905-54949A8B28A6}.Release|Any CPU.Build.0 = Release|Any CPU
		{70394482-2609-4EDC-A50B-3DF7B3618E5A}.Debug|Any CPU.ActiveCfg = Debug|Any CPU
		{70394482-2609-4EDC-A50B-3DF7B3618E5A}.Debug|Any CPU.Build.0 = Debug|Any CPU
		{70394482-2609-4EDC-A50B-3DF7B3618E5A}.Release|Any CPU.ActiveCfg = Release|Any CPU
		{70394482-2609-4EDC-A50B-3DF7B3618E5A}.Release|Any CPU.Build.0 = Release|Any CPU
	EndGlobalSection
	GlobalSection(SolutionProperties) = preSolution
		HideSolutionNode = FALSE
	EndGlobalSection
	GlobalSection(ExtensibilityGlobals) = postSolution
		SolutionGuid = {25976C4C-FAB3-4B1F-AD79-C1A1536066CE}
	EndGlobalSection
EndGlobal
