
Microsoft Visual Studio Solution File, Format Version 12.00
# Visual Studio Version 17
VisualStudioVersion = 17.4.33205.214
MinimumVisualStudioVersion = 10.0.40219.1
Project("{FAE04EC0-301F-11D3-BF4B-00C04F79EFBC}") = "ParkingSystem", "ParkingSystem\ParkingSystem.csproj", "{F3DD1A16-3858-4C9B-9A2E-624D2D497BC2}"
EndProject
Global
	GlobalSection(SolutionConfigurationPlatforms) = preSolution
		Debug|Any CPU = Debug|Any CPU
		Release|Any CPU = Release|Any CPU
	EndGlobalSection
	GlobalSection(ProjectConfigurationPlatforms) = postSolution
		{F3DD1A16-3858-4C9B-9A2E-624D2D497BC2}.Debug|Any CPU.ActiveCfg = Debug|Any CPU
		{F3DD1A16-3858-4C9B-9A2E-624D2D497BC2}.Debug|Any CPU.Build.0 = Debug|Any CPU
		{F3DD1A16-3858-4C9B-9A2E-624D2D497BC2}.Release|Any CPU.ActiveCfg = Release|Any CPU
		{F3DD1A16-3858-4C9B-9A2E-624D2D497BC2}.Release|Any CPU.Build.0 = Release|Any CPU
	EndGlobalSection
	GlobalSection(SolutionProperties) = preSolution
		HideSolutionNode = FALSE
	EndGlobalSection
	GlobalSection(ExtensibilityGlobals) = postSolution
		SolutionGuid = {3C9412FC-F4B0-4F22-A07C-BB7B1E12DFE3}
	EndGlobalSection
EndGlobal
