
Microsoft Visual Studio Solution File, Format Version 12.00
# Visual Studio Version 16
VisualStudioVersion = 16.0.33920.266
MinimumVisualStudioVersion = 10.0.40219.1
Project("{FAE04EC0-301F-11D3-BF4B-00C04F79EFBC}") = "smallestOfThreeNumbers", "smallestOfThreeNumbers\smallestOfThreeNumbers.csproj", "{3E7B52DE-1728-49B9-B905-D83BB82272D1}"
EndProject
Project("{FAE04EC0-301F-11D3-BF4B-00C04F79EFBC}") = "vowelsCount", "vowelsCount\vowelsCount.csproj", "{5012BAA4-A205-4172-B915-BDD518AA40F5}"
EndProject
Project("{FAE04EC0-301F-11D3-BF4B-00C04F79EFBC}") = "charactersInRange", "charactersInRange\charactersInRange.csproj", "{B0732673-746C-4BCF-B851-3757B1A04F1F}"
EndProject
Project("{FAE04EC0-301F-11D3-BF4B-00C04F79EFBC}") = "passwordValidator", "passwordValidator\passwordValidator.csproj", "{73945F34-196E-4F04-9195-D0B3F2688967}"
EndProject
Project("{FAE04EC0-301F-11D3-BF4B-00C04F79EFBC}") = "addAndSubtract", "addAndSubtract\addAndSubtract.csproj", "{EF884EA6-6F13-4C53-B3F6-FA7DDC249264}"
EndProject
Project("{FAE04EC0-301F-11D3-BF4B-00C04F79EFBC}") = "middleCharacters", "middleCharacters\middleCharacters.csproj", "{A8A1CA5A-7726-4C3E-AB24-036E3D1C1E43}"
EndProject
Project("{FAE04EC0-301F-11D3-BF4B-00C04F79EFBC}") = "NxNMatrix", "NxNMatrix\NxNMatrix.csproj", "{156BEE3F-B6A3-477E-AA3F-31F17FECFD86}"
EndProject
Project("{FAE04EC0-301F-11D3-BF4B-00C04F79EFBC}") = "factorialDivision", "factorialDivision\factorialDivision.csproj", "{34D35C84-BCC7-4880-9BFA-DB0169BF48C5}"
EndProject
Project("{FAE04EC0-301F-11D3-BF4B-00C04F79EFBC}") = "palindromeIntegers", "palindromeIntegers\palindromeIntegers.csproj", "{8CBDB35A-5B19-4236-A8F7-70B938AF0BA5}"
EndProject
Project("{FAE04EC0-301F-11D3-BF4B-00C04F79EFBC}") = "topNumber", "topNumber\topNumber.csproj", "{4C6C2810-6617-46A3-9B1A-F4DE05C55006}"
EndProject
Global
	GlobalSection(SolutionConfigurationPlatforms) = preSolution
		Debug|Any CPU = Debug|Any CPU
		Release|Any CPU = Release|Any CPU
	EndGlobalSection
	GlobalSection(ProjectConfigurationPlatforms) = postSolution
		{3E7B52DE-1728-49B9-B905-D83BB82272D1}.Debug|Any CPU.ActiveCfg = Debug|Any CPU
		{3E7B52DE-1728-49B9-B905-D83BB82272D1}.Debug|Any CPU.Build.0 = Debug|Any CPU
		{3E7B52DE-1728-49B9-B905-D83BB82272D1}.Release|Any CPU.ActiveCfg = Release|Any CPU
		{3E7B52DE-1728-49B9-B905-D83BB82272D1}.Release|Any CPU.Build.0 = Release|Any CPU
		{5012BAA4-A205-4172-B915-BDD518AA40F5}.Debug|Any CPU.ActiveCfg = Debug|Any CPU
		{5012BAA4-A205-4172-B915-BDD518AA40F5}.Debug|Any CPU.Build.0 = Debug|Any CPU
		{5012BAA4-A205-4172-B915-BDD518AA40F5}.Release|Any CPU.ActiveCfg = Release|Any CPU
		{5012BAA4-A205-4172-B915-BDD518AA40F5}.Release|Any CPU.Build.0 = Release|Any CPU
		{B0732673-746C-4BCF-B851-3757B1A04F1F}.Debug|Any CPU.ActiveCfg = Debug|Any CPU
		{B0732673-746C-4BCF-B851-3757B1A04F1F}.Debug|Any CPU.Build.0 = Debug|Any CPU
		{B0732673-746C-4BCF-B851-3757B1A04F1F}.Release|Any CPU.ActiveCfg = Release|Any CPU
		{B0732673-746C-4BCF-B851-3757B1A04F1F}.Release|Any CPU.Build.0 = Release|Any CPU
		{73945F34-196E-4F04-9195-D0B3F2688967}.Debug|Any CPU.ActiveCfg = Debug|Any CPU
		{73945F34-196E-4F04-9195-D0B3F2688967}.Debug|Any CPU.Build.0 = Debug|Any CPU
		{73945F34-196E-4F04-9195-D0B3F2688967}.Release|Any CPU.ActiveCfg = Release|Any CPU
		{73945F34-196E-4F04-9195-D0B3F2688967}.Release|Any CPU.Build.0 = Release|Any CPU
		{EF884EA6-6F13-4C53-B3F6-FA7DDC249264}.Debug|Any CPU.ActiveCfg = Debug|Any CPU
		{EF884EA6-6F13-4C53-B3F6-FA7DDC249264}.Debug|Any CPU.Build.0 = Debug|Any CPU
		{EF884EA6-6F13-4C53-B3F6-FA7DDC249264}.Release|Any CPU.ActiveCfg = Release|Any CPU
		{EF884EA6-6F13-4C53-B3F6-FA7DDC249264}.Release|Any CPU.Build.0 = Release|Any CPU
		{A8A1CA5A-7726-4C3E-AB24-036E3D1C1E43}.Debug|Any CPU.ActiveCfg = Debug|Any CPU
		{A8A1CA5A-7726-4C3E-AB24-036E3D1C1E43}.Debug|Any CPU.Build.0 = Debug|Any CPU
		{A8A1CA5A-7726-4C3E-AB24-036E3D1C1E43}.Release|Any CPU.ActiveCfg = Release|Any CPU
		{A8A1CA5A-7726-4C3E-AB24-036E3D1C1E43}.Release|Any CPU.Build.0 = Release|Any CPU
		{156BEE3F-B6A3-477E-AA3F-31F17FECFD86}.Debug|Any CPU.ActiveCfg = Debug|Any CPU
		{156BEE3F-B6A3-477E-AA3F-31F17FECFD86}.Debug|Any CPU.Build.0 = Debug|Any CPU
		{156BEE3F-B6A3-477E-AA3F-31F17FECFD86}.Release|Any CPU.ActiveCfg = Release|Any CPU
		{156BEE3F-B6A3-477E-AA3F-31F17FECFD86}.Release|Any CPU.Build.0 = Release|Any CPU
		{34D35C84-BCC7-4880-9BFA-DB0169BF48C5}.Debug|Any CPU.ActiveCfg = Debug|Any CPU
		{34D35C84-BCC7-4880-9BFA-DB0169BF48C5}.Debug|Any CPU.Build.0 = Debug|Any CPU
		{34D35C84-BCC7-4880-9BFA-DB0169BF48C5}.Release|Any CPU.ActiveCfg = Release|Any CPU
		{34D35C84-BCC7-4880-9BFA-DB0169BF48C5}.Release|Any CPU.Build.0 = Release|Any CPU
		{8CBDB35A-5B19-4236-A8F7-70B938AF0BA5}.Debug|Any CPU.ActiveCfg = Debug|Any CPU
		{8CBDB35A-5B19-4236-A8F7-70B938AF0BA5}.Debug|Any CPU.Build.0 = Debug|Any CPU
		{8CBDB35A-5B19-4236-A8F7-70B938AF0BA5}.Release|Any CPU.ActiveCfg = Release|Any CPU
		{8CBDB35A-5B19-4236-A8F7-70B938AF0BA5}.Release|Any CPU.Build.0 = Release|Any CPU
		{4C6C2810-6617-46A3-9B1A-F4DE05C55006}.Debug|Any CPU.ActiveCfg = Debug|Any CPU
		{4C6C2810-6617-46A3-9B1A-F4DE05C55006}.Debug|Any CPU.Build.0 = Debug|Any CPU
		{4C6C2810-6617-46A3-9B1A-F4DE05C55006}.Release|Any CPU.ActiveCfg = Release|Any CPU
		{4C6C2810-6617-46A3-9B1A-F4DE05C55006}.Release|Any CPU.Build.0 = Release|Any CPU
	EndGlobalSection
	GlobalSection(SolutionProperties) = preSolution
		HideSolutionNode = FALSE
	EndGlobalSection
	GlobalSection(ExtensibilityGlobals) = postSolution
		SolutionGuid = {6A954414-9752-408F-9DF6-50281BB05094}
	EndGlobalSection
EndGlobal
