
Microsoft Visual Studio Solution File, Format Version 12.00
# Visual Studio Version 17
VisualStudioVersion = 17.8.34330.188
MinimumVisualStudioVersion = 10.0.40219.1
Project("{FAE04EC0-301F-11D3-BF4B-00C04F79EFBC}") = "diagonalDifference", "diagonalDifference\diagonalDifference.csproj", "{5697BBDD-6484-45FE-BF67-3B5A210CFDF0}"
EndProject
Project("{FAE04EC0-301F-11D3-BF4B-00C04F79EFBC}") = "squareOfMatrixEqualChars", "squareOfMatrixEqualChars\squareOfMatrixEqualChars.csproj", "{0C295457-9F9D-4DA3-B584-13D6929D79A6}"
EndProject
Project("{FAE04EC0-301F-11D3-BF4B-00C04F79EFBC}") = "maximumSum", "maximumSum\maximumSum.csproj", "{2AF6C0C5-18D6-4B17-A5C6-A75DEF5592C2}"
EndProject
Project("{FAE04EC0-301F-11D3-BF4B-00C04F79EFBC}") = "matrixShuffling", "matrixShuffling\matrixShuffling.csproj", "{80A77D7F-01C0-4729-A119-0684F547F098}"
EndProject
Project("{FAE04EC0-301F-11D3-BF4B-00C04F79EFBC}") = "snakeMoves", "snakeMoves\snakeMoves.csproj", "{A20BF14A-03B0-458A-848F-5238D6C859F2}"
EndProject
Project("{FAE04EC0-301F-11D3-BF4B-00C04F79EFBC}") = "jaggedArrayManipulation", "jaggedArrayManipulation\jaggedArrayManipulation.csproj", "{265B5271-A50C-4AEF-B43F-BD7346813A94}"
EndProject
Global
	GlobalSection(SolutionConfigurationPlatforms) = preSolution
		Debug|Any CPU = Debug|Any CPU
		Release|Any CPU = Release|Any CPU
	EndGlobalSection
	GlobalSection(ProjectConfigurationPlatforms) = postSolution
		{5697BBDD-6484-45FE-BF67-3B5A210CFDF0}.Debug|Any CPU.ActiveCfg = Debug|Any CPU
		{5697BBDD-6484-45FE-BF67-3B5A210CFDF0}.Debug|Any CPU.Build.0 = Debug|Any CPU
		{5697BBDD-6484-45FE-BF67-3B5A210CFDF0}.Release|Any CPU.ActiveCfg = Release|Any CPU
		{5697BBDD-6484-45FE-BF67-3B5A210CFDF0}.Release|Any CPU.Build.0 = Release|Any CPU
		{0C295457-9F9D-4DA3-B584-13D6929D79A6}.Debug|Any CPU.ActiveCfg = Debug|Any CPU
		{0C295457-9F9D-4DA3-B584-13D6929D79A6}.Debug|Any CPU.Build.0 = Debug|Any CPU
		{0C295457-9F9D-4DA3-B584-13D6929D79A6}.Release|Any CPU.ActiveCfg = Release|Any CPU
		{0C295457-9F9D-4DA3-B584-13D6929D79A6}.Release|Any CPU.Build.0 = Release|Any CPU
		{2AF6C0C5-18D6-4B17-A5C6-A75DEF5592C2}.Debug|Any CPU.ActiveCfg = Debug|Any CPU
		{2AF6C0C5-18D6-4B17-A5C6-A75DEF5592C2}.Debug|Any CPU.Build.0 = Debug|Any CPU
		{2AF6C0C5-18D6-4B17-A5C6-A75DEF5592C2}.Release|Any CPU.ActiveCfg = Release|Any CPU
		{2AF6C0C5-18D6-4B17-A5C6-A75DEF5592C2}.Release|Any CPU.Build.0 = Release|Any CPU
		{80A77D7F-01C0-4729-A119-0684F547F098}.Debug|Any CPU.ActiveCfg = Debug|Any CPU
		{80A77D7F-01C0-4729-A119-0684F547F098}.Debug|Any CPU.Build.0 = Debug|Any CPU
		{80A77D7F-01C0-4729-A119-0684F547F098}.Release|Any CPU.ActiveCfg = Release|Any CPU
		{80A77D7F-01C0-4729-A119-0684F547F098}.Release|Any CPU.Build.0 = Release|Any CPU
		{A20BF14A-03B0-458A-848F-5238D6C859F2}.Debug|Any CPU.ActiveCfg = Debug|Any CPU
		{A20BF14A-03B0-458A-848F-5238D6C859F2}.Debug|Any CPU.Build.0 = Debug|Any CPU
		{A20BF14A-03B0-458A-848F-5238D6C859F2}.Release|Any CPU.ActiveCfg = Release|Any CPU
		{A20BF14A-03B0-458A-848F-5238D6C859F2}.Release|Any CPU.Build.0 = Release|Any CPU
		{265B5271-A50C-4AEF-B43F-BD7346813A94}.Debug|Any CPU.ActiveCfg = Debug|Any CPU
		{265B5271-A50C-4AEF-B43F-BD7346813A94}.Debug|Any CPU.Build.0 = Debug|Any CPU
		{265B5271-A50C-4AEF-B43F-BD7346813A94}.Release|Any CPU.ActiveCfg = Release|Any CPU
		{265B5271-A50C-4AEF-B43F-BD7346813A94}.Release|Any CPU.Build.0 = Release|Any CPU
	EndGlobalSection
	GlobalSection(SolutionProperties) = preSolution
		HideSolutionNode = FALSE
	EndGlobalSection
	GlobalSection(ExtensibilityGlobals) = postSolution
		SolutionGuid = {F8F7E6EA-F679-42F5-8FB5-16B75B85ADC1}
	EndGlobalSection
EndGlobal
