
Microsoft Visual Studio Solution File, Format Version 12.00
# Visual Studio Version 17
VisualStudioVersion = 17.8.34330.188
MinimumVisualStudioVersion = 10.0.40219.1
Project("{FAE04EC0-301F-11D3-BF4B-00C04F79EFBC}") = "uniqeUsernames", "uniqeUsernames\uniqeUsernames.csproj", "{99A4BBAE-2795-4F29-81B5-B0B73CB7F0A7}"
EndProject
Project("{FAE04EC0-301F-11D3-BF4B-00C04F79EFBC}") = "setsOfElements", "setsOfElements\setsOfElements.csproj", "{B42305FC-8E1A-4D53-8031-21D2CB3F15E7}"
EndProject
Project("{FAE04EC0-301F-11D3-BF4B-00C04F79EFBC}") = "periodicTable", "periodicTable\periodicTable.csproj", "{5133FAA0-CF29-4E21-A472-5A6AAD2E1D6F}"
EndProject
Project("{FAE04EC0-301F-11D3-BF4B-00C04F79EFBC}") = "evenTimes", "evenTimes\evenTimes.csproj", "{27291CC5-307A-4124-BE45-DDA5F071372C}"
EndProject
Project("{FAE04EC0-301F-11D3-BF4B-00C04F79EFBC}") = "countSymbols", "countSymbols\countSymbols.csproj", "{E0D97015-F461-40C8-ABD4-47A6F54AC953}"
EndProject
Project("{FAE04EC0-301F-11D3-BF4B-00C04F79EFBC}") = "wardrobe", "wardrobe\wardrobe.csproj", "{D82C45A0-7706-4E0A-9ADF-3C61C13CD6F1}"
EndProject
Global
	GlobalSection(SolutionConfigurationPlatforms) = preSolution
		Debug|Any CPU = Debug|Any CPU
		Release|Any CPU = Release|Any CPU
	EndGlobalSection
	GlobalSection(ProjectConfigurationPlatforms) = postSolution
		{99A4BBAE-2795-4F29-81B5-B0B73CB7F0A7}.Debug|Any CPU.ActiveCfg = Debug|Any CPU
		{99A4BBAE-2795-4F29-81B5-B0B73CB7F0A7}.Debug|Any CPU.Build.0 = Debug|Any CPU
		{99A4BBAE-2795-4F29-81B5-B0B73CB7F0A7}.Release|Any CPU.ActiveCfg = Release|Any CPU
		{99A4BBAE-2795-4F29-81B5-B0B73CB7F0A7}.Release|Any CPU.Build.0 = Release|Any CPU
		{B42305FC-8E1A-4D53-8031-21D2CB3F15E7}.Debug|Any CPU.ActiveCfg = Debug|Any CPU
		{B42305FC-8E1A-4D53-8031-21D2CB3F15E7}.Debug|Any CPU.Build.0 = Debug|Any CPU
		{B42305FC-8E1A-4D53-8031-21D2CB3F15E7}.Release|Any CPU.ActiveCfg = Release|Any CPU
		{B42305FC-8E1A-4D53-8031-21D2CB3F15E7}.Release|Any CPU.Build.0 = Release|Any CPU
		{5133FAA0-CF29-4E21-A472-5A6AAD2E1D6F}.Debug|Any CPU.ActiveCfg = Debug|Any CPU
		{5133FAA0-CF29-4E21-A472-5A6AAD2E1D6F}.Debug|Any CPU.Build.0 = Debug|Any CPU
		{5133FAA0-CF29-4E21-A472-5A6AAD2E1D6F}.Release|Any CPU.ActiveCfg = Release|Any CPU
		{5133FAA0-CF29-4E21-A472-5A6AAD2E1D6F}.Release|Any CPU.Build.0 = Release|Any CPU
		{27291CC5-307A-4124-BE45-DDA5F071372C}.Debug|Any CPU.ActiveCfg = Debug|Any CPU
		{27291CC5-307A-4124-BE45-DDA5F071372C}.Debug|Any CPU.Build.0 = Debug|Any CPU
		{27291CC5-307A-4124-BE45-DDA5F071372C}.Release|Any CPU.ActiveCfg = Release|Any CPU
		{27291CC5-307A-4124-BE45-DDA5F071372C}.Release|Any CPU.Build.0 = Release|Any CPU
		{E0D97015-F461-40C8-ABD4-47A6F54AC953}.Debug|Any CPU.ActiveCfg = Debug|Any CPU
		{E0D97015-F461-40C8-ABD4-47A6F54AC953}.Debug|Any CPU.Build.0 = Debug|Any CPU
		{E0D97015-F461-40C8-ABD4-47A6F54AC953}.Release|Any CPU.ActiveCfg = Release|Any CPU
		{E0D97015-F461-40C8-ABD4-47A6F54AC953}.Release|Any CPU.Build.0 = Release|Any CPU
		{D82C45A0-7706-4E0A-9ADF-3C61C13CD6F1}.Debug|Any CPU.ActiveCfg = Debug|Any CPU
		{D82C45A0-7706-4E0A-9ADF-3C61C13CD6F1}.Debug|Any CPU.Build.0 = Debug|Any CPU
		{D82C45A0-7706-4E0A-9ADF-3C61C13CD6F1}.Release|Any CPU.ActiveCfg = Release|Any CPU
		{D82C45A0-7706-4E0A-9ADF-3C61C13CD6F1}.Release|Any CPU.Build.0 = Release|Any CPU
	EndGlobalSection
	GlobalSection(SolutionProperties) = preSolution
		HideSolutionNode = FALSE
	EndGlobalSection
	GlobalSection(ExtensibilityGlobals) = postSolution
		SolutionGuid = {610220E6-48CA-49C2-AC1E-E94775FB4E82}
	EndGlobalSection
EndGlobal
