
Microsoft Visual Studio Solution File, Format Version 12.00
# Visual Studio Version 17
VisualStudioVersion = 17.8.34330.188
MinimumVisualStudioVersion = 10.0.40219.1
Project("{9A19103F-16F7-4668-BE54-9A1E7A4F7556}") = "DefiningClasses", "Car\DefiningClasses.csproj", "{69567D67-E9A6-4E45-AB90-EA4292AB9E04}"
EndProject
Global
	GlobalSection(SolutionConfigurationPlatforms) = preSolution
		Debug|Any CPU = Debug|Any CPU
		Release|Any CPU = Release|Any CPU
	EndGlobalSection
	GlobalSection(ProjectConfigurationPlatforms) = postSolution
		{69567D67-E9A6-4E45-AB90-EA4292AB9E04}.Debug|Any CPU.ActiveCfg = Debug|Any CPU
		{69567D67-E9A6-4E45-AB90-EA4292AB9E04}.Debug|Any CPU.Build.0 = Debug|Any CPU
		{69567D67-E9A6-4E45-AB90-EA4292AB9E04}.Release|Any CPU.ActiveCfg = Release|Any CPU
		{69567D67-E9A6-4E45-AB90-EA4292AB9E04}.Release|Any CPU.Build.0 = Release|Any CPU
	EndGlobalSection
	GlobalSection(SolutionProperties) = preSolution
		HideSolutionNode = FALSE
	EndGlobalSection
	GlobalSection(ExtensibilityGlobals) = postSolution
		SolutionGuid = {F2B182CB-CE63-40F3-ADCC-253CFE863A31}
	EndGlobalSection
EndGlobal
