
Microsoft Visual Studio Solution File, Format Version 12.00
# Visual Studio Version 17
VisualStudioVersion = 17.8.34322.80
MinimumVisualStudioVersion = 10.0.40219.1
Project("{FAE04EC0-301F-11D3-BF4B-00C04F79EFBC}") = "rankingg", "rankingg\rankingg.csproj", "{4644FCD5-F1DF-4A43-AB1C-ABD4EC621ABB}"
EndProject
Project("{FAE04EC0-301F-11D3-BF4B-00C04F79EFBC}") = "judge", "judge\judge.csproj", "{1298A2D1-186E-4C57-9287-6C6133652FAC}"
EndProject
Project("{FAE04EC0-301F-11D3-BF4B-00C04F79EFBC}") = "mobaChallenger", "mobaChallenger\mobaChallenger.csproj", "{B4DEF8A1-B7BF-4B22-A816-BCF01B4E5E37}"
EndProject
Project("{FAE04EC0-301F-11D3-BF4B-00C04F79EFBC}") = "snowWhite(ForRework)", "snowWhite\snowWhite(ForRework).csproj", "{BA1B7647-B13F-46DE-B13F-08DF74B1C60C}"
EndProject
Project("{FAE04EC0-301F-11D3-BF4B-00C04F79EFBC}") = "dragonArmy", "dragonArmy\dragonArmy.csproj", "{CDE71C69-C850-401F-B269-967308237FB5}"
EndProject
Global
	GlobalSection(SolutionConfigurationPlatforms) = preSolution
		Debug|Any CPU = Debug|Any CPU
		Release|Any CPU = Release|Any CPU
	EndGlobalSection
	GlobalSection(ProjectConfigurationPlatforms) = postSolution
		{4644FCD5-F1DF-4A43-AB1C-ABD4EC621ABB}.Debug|Any CPU.ActiveCfg = Debug|Any CPU
		{4644FCD5-F1DF-4A43-AB1C-ABD4EC621ABB}.Debug|Any CPU.Build.0 = Debug|Any CPU
		{4644FCD5-F1DF-4A43-AB1C-ABD4EC621ABB}.Release|Any CPU.ActiveCfg = Release|Any CPU
		{4644FCD5-F1DF-4A43-AB1C-ABD4EC621ABB}.Release|Any CPU.Build.0 = Release|Any CPU
		{1298A2D1-186E-4C57-9287-6C6133652FAC}.Debug|Any CPU.ActiveCfg = Debug|Any CPU
		{1298A2D1-186E-4C57-9287-6C6133652FAC}.Debug|Any CPU.Build.0 = Debug|Any CPU
		{1298A2D1-186E-4C57-9287-6C6133652FAC}.Release|Any CPU.ActiveCfg = Release|Any CPU
		{1298A2D1-186E-4C57-9287-6C6133652FAC}.Release|Any CPU.Build.0 = Release|Any CPU
		{B4DEF8A1-B7BF-4B22-A816-BCF01B4E5E37}.Debug|Any CPU.ActiveCfg = Debug|Any CPU
		{B4DEF8A1-B7BF-4B22-A816-BCF01B4E5E37}.Debug|Any CPU.Build.0 = Debug|Any CPU
		{B4DEF8A1-B7BF-4B22-A816-BCF01B4E5E37}.Release|Any CPU.ActiveCfg = Release|Any CPU
		{B4DEF8A1-B7BF-4B22-A816-BCF01B4E5E37}.Release|Any CPU.Build.0 = Release|Any CPU
		{BA1B7647-B13F-46DE-B13F-08DF74B1C60C}.Debug|Any CPU.ActiveCfg = Debug|Any CPU
		{BA1B7647-B13F-46DE-B13F-08DF74B1C60C}.Debug|Any CPU.Build.0 = Debug|Any CPU
		{BA1B7647-B13F-46DE-B13F-08DF74B1C60C}.Release|Any CPU.ActiveCfg = Release|Any CPU
		{BA1B7647-B13F-46DE-B13F-08DF74B1C60C}.Release|Any CPU.Build.0 = Release|Any CPU
		{CDE71C69-C850-401F-B269-967308237FB5}.Debug|Any CPU.ActiveCfg = Debug|Any CPU
		{CDE71C69-C850-401F-B269-967308237FB5}.Debug|Any CPU.Build.0 = Debug|Any CPU
		{CDE71C69-C850-401F-B269-967308237FB5}.Release|Any CPU.ActiveCfg = Release|Any CPU
		{CDE71C69-C850-401F-B269-967308237FB5}.Release|Any CPU.Build.0 = Release|Any CPU
	EndGlobalSection
	GlobalSection(SolutionProperties) = preSolution
		HideSolutionNode = FALSE
	EndGlobalSection
	GlobalSection(ExtensibilityGlobals) = postSolution
		SolutionGuid = {6FCAC312-EA1F-4D86-B53B-7FFC0FEC95C5}
	EndGlobalSection
EndGlobal
