
Microsoft Visual Studio Solution File, Format Version 12.00
# Visual Studio Version 16
VisualStudioVersion = 16.0.33920.266
MinimumVisualStudioVersion = 10.0.40219.1
Project("{FAE04EC0-301F-11D3-BF4B-00C04F79EFBC}") = "train", "train\train.csproj", "{FAC0E562-1CD7-48F4-BCCD-C5EBE3AF6825}"
EndProject
Project("{FAE04EC0-301F-11D3-BF4B-00C04F79EFBC}") = "commonElements", "commonElements\commonElements.csproj", "{D7802F1E-1843-42AC-8922-6F21D5B89F8D}"
EndProject
Project("{FAE04EC0-301F-11D3-BF4B-00C04F79EFBC}") = "zigZagArrays", "zigZagArrays\zigZagArrays.csproj", "{C4A492C0-D566-49E0-B5F1-BDDF42A15D1D}"
EndProject
Project("{FAE04EC0-301F-11D3-BF4B-00C04F79EFBC}") = "arrayRotation", "arrayRotation\arrayRotation.csproj", "{040E2FA2-BFA0-4D99-8381-B552AF99A302}"
EndProject
Project("{FAE04EC0-301F-11D3-BF4B-00C04F79EFBC}") = "topIntegers", "topIntegers\topIntegers.csproj", "{68B1AA07-25CE-4176-9241-029AAB4FDAA3}"
EndProject
Global
	GlobalSection(SolutionConfigurationPlatforms) = preSolution
		Debug|Any CPU = Debug|Any CPU
		Release|Any CPU = Release|Any CPU
	EndGlobalSection
	GlobalSection(ProjectConfigurationPlatforms) = postSolution
		{FAC0E562-1CD7-48F4-BCCD-C5EBE3AF6825}.Debug|Any CPU.ActiveCfg = Debug|Any CPU
		{FAC0E562-1CD7-48F4-BCCD-C5EBE3AF6825}.Debug|Any CPU.Build.0 = Debug|Any CPU
		{FAC0E562-1CD7-48F4-BCCD-C5EBE3AF6825}.Release|Any CPU.ActiveCfg = Release|Any CPU
		{FAC0E562-1CD7-48F4-BCCD-C5EBE3AF6825}.Release|Any CPU.Build.0 = Release|Any CPU
		{D7802F1E-1843-42AC-8922-6F21D5B89F8D}.Debug|Any CPU.ActiveCfg = Debug|Any CPU
		{D7802F1E-1843-42AC-8922-6F21D5B89F8D}.Debug|Any CPU.Build.0 = Debug|Any CPU
		{D7802F1E-1843-42AC-8922-6F21D5B89F8D}.Release|Any CPU.ActiveCfg = Release|Any CPU
		{D7802F1E-1843-42AC-8922-6F21D5B89F8D}.Release|Any CPU.Build.0 = Release|Any CPU
		{C4A492C0-D566-49E0-B5F1-BDDF42A15D1D}.Debug|Any CPU.ActiveCfg = Debug|Any CPU
		{C4A492C0-D566-49E0-B5F1-BDDF42A15D1D}.Debug|Any CPU.Build.0 = Debug|Any CPU
		{C4A492C0-D566-49E0-B5F1-BDDF42A15D1D}.Release|Any CPU.ActiveCfg = Release|Any CPU
		{C4A492C0-D566-49E0-B5F1-BDDF42A15D1D}.Release|Any CPU.Build.0 = Release|Any CPU
		{040E2FA2-BFA0-4D99-8381-B552AF99A302}.Debug|Any CPU.ActiveCfg = Debug|Any CPU
		{040E2FA2-BFA0-4D99-8381-B552AF99A302}.Debug|Any CPU.Build.0 = Debug|Any CPU
		{040E2FA2-BFA0-4D99-8381-B552AF99A302}.Release|Any CPU.ActiveCfg = Release|Any CPU
		{040E2FA2-BFA0-4D99-8381-B552AF99A302}.Release|Any CPU.Build.0 = Release|Any CPU
		{68B1AA07-25CE-4176-9241-029AAB4FDAA3}.Debug|Any CPU.ActiveCfg = Debug|Any CPU
		{68B1AA07-25CE-4176-9241-029AAB4FDAA3}.Debug|Any CPU.Build.0 = Debug|Any CPU
		{68B1AA07-25CE-4176-9241-029AAB4FDAA3}.Release|Any CPU.ActiveCfg = Release|Any CPU
		{68B1AA07-25CE-4176-9241-029AAB4FDAA3}.Release|Any CPU.Build.0 = Release|Any CPU
	EndGlobalSection
	GlobalSection(SolutionProperties) = preSolution
		HideSolutionNode = FALSE
	EndGlobalSection
	GlobalSection(ExtensibilityGlobals) = postSolution
		SolutionGuid = {91163C09-F5F2-49F7-BB22-79862DD9DFBB}
	EndGlobalSection
EndGlobal
